// !$*UTF8*$!
{
	archiveVersion = 1;
	classes = {
	};
	objectVersion = 55;
	objects = {

/* Begin PBXBuildFile section */
		01D08EC428916C6D00FAD8D1 /* AppDelegate.swift in Sources */ = {isa = PBXBuildFile; fileRef = 01D08EC328916C6D00FAD8D1 /* AppDelegate.swift */; };
		01D08EC628916C6D00FAD8D1 /* SceneDelegate.swift in Sources */ = {isa = PBXBuildFile; fileRef = 01D08EC528916C6D00FAD8D1 /* SceneDelegate.swift */; };
		01D08EC828916C6D00FAD8D1 /* ViewController.swift in Sources */ = {isa = PBXBuildFile; fileRef = 01D08EC728916C6D00FAD8D1 /* ViewController.swift */; };
		01D08ECB28916C6D00FAD8D1 /* Main.storyboard in Resources */ = {isa = PBXBuildFile; fileRef = 01D08EC928916C6D00FAD8D1 /* Main.storyboard */; };
		01D08ECE28916C6D00FAD8D1 /* Notes.xcdatamodeld in Sources */ = {isa = PBXBuildFile; fileRef = 01D08ECC28916C6D00FAD8D1 /* Notes.xcdatamodeld */; };
		01D08ED028916C6E00FAD8D1 /* Assets.xcassets in Resources */ = {isa = PBXBuildFile; fileRef = 01D08ECF28916C6E00FAD8D1 /* Assets.xcassets */; };
		01D08ED328916C6E00FAD8D1 /* LaunchScreen.storyboard in Resources */ = {isa = PBXBuildFile; fileRef = 01D08ED128916C6E00FAD8D1 /* LaunchScreen.storyboard */; };
		01D08EDE28916C6E00FAD8D1 /* NotesTests.swift in Sources */ = {isa = PBXBuildFile; fileRef = 01D08EDD28916C6E00FAD8D1 /* NotesTests.swift */; };
		01D08EE828916C6E00FAD8D1 /* NotesUITests.swift in Sources */ = {isa = PBXBuildFile; fileRef = 01D08EE728916C6E00FAD8D1 /* NotesUITests.swift */; };
		01D08EEA28916C6F00FAD8D1 /* NotesUITestsLaunchTests.swift in Sources */ = {isa = PBXBuildFile; fileRef = 01D08EE928916C6F00FAD8D1 /* NotesUITestsLaunchTests.swift */; };
		01D08EF828916E3A00FAD8D1 /* TodoItem.swift in Sources */ = {isa = PBXBuildFile; fileRef = 01D08EF728916E3A00FAD8D1 /* TodoItem.swift */; };
		01D08EFA2891734600FAD8D1 /* TodoItem + JSON.swift in Sources */ = {isa = PBXBuildFile; fileRef = 01D08EF92891734600FAD8D1 /* TodoItem + JSON.swift */; };
		01D08EFD28928A3700FAD8D1 /* FileManager.swift in Sources */ = {isa = PBXBuildFile; fileRef = 01D08EFC28928A3700FAD8D1 /* FileManager.swift */; };
/* End PBXBuildFile section */

/* Begin PBXContainerItemProxy section */
		01D08EDA28916C6E00FAD8D1 /* PBXContainerItemProxy */ = {
			isa = PBXContainerItemProxy;
			containerPortal = 01D08EB828916C6C00FAD8D1 /* Project object */;
			proxyType = 1;
			remoteGlobalIDString = 01D08EBF28916C6D00FAD8D1;
			remoteInfo = Notes;
		};
		01D08EE428916C6E00FAD8D1 /* PBXContainerItemProxy */ = {
			isa = PBXContainerItemProxy;
			containerPortal = 01D08EB828916C6C00FAD8D1 /* Project object */;
			proxyType = 1;
			remoteGlobalIDString = 01D08EBF28916C6D00FAD8D1;
			remoteInfo = Notes;
		};
/* End PBXContainerItemProxy section */

/* Begin PBXFileReference section */
		01D08EC028916C6D00FAD8D1 /* Notes.app */ = {isa = PBXFileReference; explicitFileType = wrapper.application; includeInIndex = 0; path = Notes.app; sourceTree = BUILT_PRODUCTS_DIR; };
		01D08EC328916C6D00FAD8D1 /* AppDelegate.swift */ = {isa = PBXFileReference; lastKnownFileType = sourcecode.swift; path = AppDelegate.swift; sourceTree = "<group>"; };
		01D08EC528916C6D00FAD8D1 /* SceneDelegate.swift */ = {isa = PBXFileReference; lastKnownFileType = sourcecode.swift; path = SceneDelegate.swift; sourceTree = "<group>"; };
		01D08EC728916C6D00FAD8D1 /* ViewController.swift */ = {isa = PBXFileReference; lastKnownFileType = sourcecode.swift; path = ViewController.swift; sourceTree = "<group>"; };
		01D08ECA28916C6D00FAD8D1 /* Base */ = {isa = PBXFileReference; lastKnownFileType = file.storyboard; name = Base; path = Base.lproj/Main.storyboard; sourceTree = "<group>"; };
		01D08ECD28916C6D00FAD8D1 /* Notes.xcdatamodel */ = {isa = PBXFileReference; lastKnownFileType = wrapper.xcdatamodel; path = Notes.xcdatamodel; sourceTree = "<group>"; };
		01D08ECF28916C6E00FAD8D1 /* Assets.xcassets */ = {isa = PBXFileReference; lastKnownFileType = folder.assetcatalog; path = Assets.xcassets; sourceTree = "<group>"; };
		01D08ED228916C6E00FAD8D1 /* Base */ = {isa = PBXFileReference; lastKnownFileType = file.storyboard; name = Base; path = Base.lproj/LaunchScreen.storyboard; sourceTree = "<group>"; };
		01D08ED428916C6E00FAD8D1 /* Info.plist */ = {isa = PBXFileReference; lastKnownFileType = text.plist.xml; path = Info.plist; sourceTree = "<group>"; };
		01D08ED928916C6E00FAD8D1 /* NotesTests.xctest */ = {isa = PBXFileReference; explicitFileType = wrapper.cfbundle; includeInIndex = 0; path = NotesTests.xctest; sourceTree = BUILT_PRODUCTS_DIR; };
		01D08EDD28916C6E00FAD8D1 /* NotesTests.swift */ = {isa = PBXFileReference; lastKnownFileType = sourcecode.swift; path = NotesTests.swift; sourceTree = "<group>"; };
		01D08EE328916C6E00FAD8D1 /* NotesUITests.xctest */ = {isa = PBXFileReference; explicitFileType = wrapper.cfbundle; includeInIndex = 0; path = NotesUITests.xctest; sourceTree = BUILT_PRODUCTS_DIR; };
		01D08EE728916C6E00FAD8D1 /* NotesUITests.swift */ = {isa = PBXFileReference; lastKnownFileType = sourcecode.swift; path = NotesUITests.swift; sourceTree = "<group>"; };
		01D08EE928916C6F00FAD8D1 /* NotesUITestsLaunchTests.swift */ = {isa = PBXFileReference; lastKnownFileType = sourcecode.swift; path = NotesUITestsLaunchTests.swift; sourceTree = "<group>"; };
		01D08EF728916E3A00FAD8D1 /* TodoItem.swift */ = {isa = PBXFileReference; lastKnownFileType = sourcecode.swift; path = TodoItem.swift; sourceTree = "<group>"; };
		01D08EF92891734600FAD8D1 /* TodoItem + JSON.swift */ = {isa = PBXFileReference; lastKnownFileType = sourcecode.swift; path = "TodoItem + JSON.swift"; sourceTree = "<group>"; };
		01D08EFC28928A3700FAD8D1 /* FileManager.swift */ = {isa = PBXFileReference; lastKnownFileType = sourcecode.swift; path = FileManager.swift; sourceTree = "<group>"; };
/* End PBXFileReference section */

/* Begin PBXFrameworksBuildPhase section */
		01D08EBD28916C6D00FAD8D1 /* Frameworks */ = {
			isa = PBXFrameworksBuildPhase;
			buildActionMask = 2147483647;
			files = (
			);
			runOnlyForDeploymentPostprocessing = 0;
		};
		01D08ED628916C6E00FAD8D1 /* Frameworks */ = {
			isa = PBXFrameworksBuildPhase;
			buildActionMask = 2147483647;
			files = (
			);
			runOnlyForDeploymentPostprocessing = 0;
		};
		01D08EE028916C6E00FAD8D1 /* Frameworks */ = {
			isa = PBXFrameworksBuildPhase;
			buildActionMask = 2147483647;
			files = (
			);
			runOnlyForDeploymentPostprocessing = 0;
		};
/* End PBXFrameworksBuildPhase section */

/* Begin PBXGroup section */
		01D08EB728916C6C00FAD8D1 = {
			isa = PBXGroup;
			children = (
				01D08EC228916C6D00FAD8D1 /* Notes */,
				01D08EDC28916C6E00FAD8D1 /* NotesTests */,
				01D08EE628916C6E00FAD8D1 /* NotesUITests */,
				01D08EC128916C6D00FAD8D1 /* Products */,
			);
			sourceTree = "<group>";
		};
		01D08EC128916C6D00FAD8D1 /* Products */ = {
			isa = PBXGroup;
			children = (
				01D08EC028916C6D00FAD8D1 /* Notes.app */,
				01D08ED928916C6E00FAD8D1 /* NotesTests.xctest */,
				01D08EE328916C6E00FAD8D1 /* NotesUITests.xctest */,
			);
			name = Products;
			sourceTree = "<group>";
		};
		01D08EC228916C6D00FAD8D1 /* Notes */ = {
			isa = PBXGroup;
			children = (
				01D08EFE289292AD00FAD8D1 /* Extensions */,
				01D08EF628916E1C00FAD8D1 /* Models */,
				01D08EFB28928A2800FAD8D1 /* Managers */,
				01D08EC328916C6D00FAD8D1 /* AppDelegate.swift */,
				01D08EC528916C6D00FAD8D1 /* SceneDelegate.swift */,
				01D08EC728916C6D00FAD8D1 /* ViewController.swift */,
				01D08EC928916C6D00FAD8D1 /* Main.storyboard */,
				01D08ECF28916C6E00FAD8D1 /* Assets.xcassets */,
				01D08ED128916C6E00FAD8D1 /* LaunchScreen.storyboard */,
				01D08ED428916C6E00FAD8D1 /* Info.plist */,
				01D08ECC28916C6D00FAD8D1 /* Notes.xcdatamodeld */,
			);
			path = Notes;
			sourceTree = "<group>";
		};
		01D08EDC28916C6E00FAD8D1 /* NotesTests */ = {
			isa = PBXGroup;
			children = (
				01D08EDD28916C6E00FAD8D1 /* NotesTests.swift */,
			);
			path = NotesTests;
			sourceTree = "<group>";
		};
		01D08EE628916C6E00FAD8D1 /* NotesUITests */ = {
			isa = PBXGroup;
			children = (
				01D08EE728916C6E00FAD8D1 /* NotesUITests.swift */,
				01D08EE928916C6F00FAD8D1 /* NotesUITestsLaunchTests.swift */,
			);
			path = NotesUITests;
			sourceTree = "<group>";
		};
		01D08EF628916E1C00FAD8D1 /* Models */ = {
			isa = PBXGroup;
			children = (
				01D08EF728916E3A00FAD8D1 /* TodoItem.swift */,
				01D08EF92891734600FAD8D1 /* TodoItem + JSON.swift */,
			);
			path = Models;
			sourceTree = "<group>";
		};
		01D08EFB28928A2800FAD8D1 /* Managers */ = {
			isa = PBXGroup;
			children = (
				01D08EFC28928A3700FAD8D1 /* FileManager.swift */,
			);
			path = Managers;
			sourceTree = "<group>";
		};
		01D08EFE289292AD00FAD8D1 /* Extensions */ = {
			isa = PBXGroup;
			children = (
			);
			path = Extensions;
			sourceTree = "<group>";
		};
/* End PBXGroup section */

/* Begin PBXNativeTarget section */
		01D08EBF28916C6D00FAD8D1 /* Notes */ = {
			isa = PBXNativeTarget;
			buildConfigurationList = 01D08EED28916C6F00FAD8D1 /* Build configuration list for PBXNativeTarget "Notes" */;
			buildPhases = (
				01D08EBC28916C6D00FAD8D1 /* Sources */,
				01D08EBD28916C6D00FAD8D1 /* Frameworks */,
				01D08EBE28916C6D00FAD8D1 /* Resources */,
			);
			buildRules = (
			);
			dependencies = (
			);
			name = Notes;
			productName = Notes;
			productReference = 01D08EC028916C6D00FAD8D1 /* Notes.app */;
			productType = "com.apple.product-type.application";
		};
		01D08ED828916C6E00FAD8D1 /* NotesTests */ = {
			isa = PBXNativeTarget;
			buildConfigurationList = 01D08EF028916C6F00FAD8D1 /* Build configuration list for PBXNativeTarget "NotesTests" */;
			buildPhases = (
				01D08ED528916C6E00FAD8D1 /* Sources */,
				01D08ED628916C6E00FAD8D1 /* Frameworks */,
				01D08ED728916C6E00FAD8D1 /* Resources */,
			);
			buildRules = (
			);
			dependencies = (
				01D08EDB28916C6E00FAD8D1 /* PBXTargetDependency */,
			);
			name = NotesTests;
			productName = NotesTests;
			productReference = 01D08ED928916C6E00FAD8D1 /* NotesTests.xctest */;
			productType = "com.apple.product-type.bundle.unit-test";
		};
		01D08EE228916C6E00FAD8D1 /* NotesUITests */ = {
			isa = PBXNativeTarget;
			buildConfigurationList = 01D08EF328916C6F00FAD8D1 /* Build configuration list for PBXNativeTarget "NotesUITests" */;
			buildPhases = (
				01D08EDF28916C6E00FAD8D1 /* Sources */,
				01D08EE028916C6E00FAD8D1 /* Frameworks */,
				01D08EE128916C6E00FAD8D1 /* Resources */,
			);
			buildRules = (
			);
			dependencies = (
				01D08EE528916C6E00FAD8D1 /* PBXTargetDependency */,
			);
			name = NotesUITests;
			productName = NotesUITests;
			productReference = 01D08EE328916C6E00FAD8D1 /* NotesUITests.xctest */;
			productType = "com.apple.product-type.bundle.ui-testing";
		};
/* End PBXNativeTarget section */

/* Begin PBXProject section */
		01D08EB828916C6C00FAD8D1 /* Project object */ = {
			isa = PBXProject;
			attributes = {
				BuildIndependentTargetsInParallel = 1;
				LastSwiftUpdateCheck = 1320;
				LastUpgradeCheck = 1320;
				TargetAttributes = {
					01D08EBF28916C6D00FAD8D1 = {
						CreatedOnToolsVersion = 13.2.1;
					};
					01D08ED828916C6E00FAD8D1 = {
						CreatedOnToolsVersion = 13.2.1;
						TestTargetID = 01D08EBF28916C6D00FAD8D1;
					};
					01D08EE228916C6E00FAD8D1 = {
						CreatedOnToolsVersion = 13.2.1;
						TestTargetID = 01D08EBF28916C6D00FAD8D1;
					};
				};
			};
			buildConfigurationList = 01D08EBB28916C6C00FAD8D1 /* Build configuration list for PBXProject "Notes" */;
			compatibilityVersion = "Xcode 13.0";
			developmentRegion = en;
			hasScannedForEncodings = 0;
			knownRegions = (
				en,
				Base,
			);
			mainGroup = 01D08EB728916C6C00FAD8D1;
			productRefGroup = 01D08EC128916C6D00FAD8D1 /* Products */;
			projectDirPath = "";
			projectRoot = "";
			targets = (
				01D08EBF28916C6D00FAD8D1 /* Notes */,
				01D08ED828916C6E00FAD8D1 /* NotesTests */,
				01D08EE228916C6E00FAD8D1 /* NotesUITests */,
			);
		};
/* End PBXProject section */

/* Begin PBXResourcesBuildPhase section */
		01D08EBE28916C6D00FAD8D1 /* Resources */ = {
			isa = PBXResourcesBuildPhase;
			buildActionMask = 2147483647;
			files = (
				01D08ED328916C6E00FAD8D1 /* LaunchScreen.storyboard in Resources */,
				01D08ED028916C6E00FAD8D1 /* Assets.xcassets in Resources */,
				01D08ECB28916C6D00FAD8D1 /* Main.storyboard in Resources */,
			);
			runOnlyForDeploymentPostprocessing = 0;
		};
		01D08ED728916C6E00FAD8D1 /* Resources */ = {
			isa = PBXResourcesBuildPhase;
			buildActionMask = 2147483647;
			files = (
			);
			runOnlyForDeploymentPostprocessing = 0;
		};
		01D08EE128916C6E00FAD8D1 /* Resources */ = {
			isa = PBXResourcesBuildPhase;
			buildActionMask = 2147483647;
			files = (
			);
			runOnlyForDeploymentPostprocessing = 0;
		};
/* End PBXResourcesBuildPhase section */

/* Begin PBXSourcesBuildPhase section */
		01D08EBC28916C6D00FAD8D1 /* Sources */ = {
			isa = PBXSourcesBuildPhase;
			buildActionMask = 2147483647;
			files = (
				01D08EFA2891734600FAD8D1 /* TodoItem + JSON.swift in Sources */,
				01D08EF828916E3A00FAD8D1 /* TodoItem.swift in Sources */,
				01D08EC828916C6D00FAD8D1 /* ViewController.swift in Sources */,
				01D08EFD28928A3700FAD8D1 /* FileManager.swift in Sources */,
				01D08EC428916C6D00FAD8D1 /* AppDelegate.swift in Sources */,
				01D08EC628916C6D00FAD8D1 /* SceneDelegate.swift in Sources */,
				01D08ECE28916C6D00FAD8D1 /* Notes.xcdatamodeld in Sources */,
			);
			runOnlyForDeploymentPostprocessing = 0;
		};
		01D08ED528916C6E00FAD8D1 /* Sources */ = {
			isa = PBXSourcesBuildPhase;
			buildActionMask = 2147483647;
			files = (
				01D08EDE28916C6E00FAD8D1 /* NotesTests.swift in Sources */,
			);
			runOnlyForDeploymentPostprocessing = 0;
		};
		01D08EDF28916C6E00FAD8D1 /* Sources */ = {
			isa = PBXSourcesBuildPhase;
			buildActionMask = 2147483647;
			files = (
				01D08EEA28916C6F00FAD8D1 /* NotesUITestsLaunchTests.swift in Sources */,
				01D08EE828916C6E00FAD8D1 /* NotesUITests.swift in Sources */,
			);
			runOnlyForDeploymentPostprocessing = 0;
		};
/* End PBXSourcesBuildPhase section */

/* Begin PBXTargetDependency section */
		01D08EDB28916C6E00FAD8D1 /* PBXTargetDependency */ = {
			isa = PBXTargetDependency;
			target = 01D08EBF28916C6D00FAD8D1 /* Notes */;
			targetProxy = 01D08EDA28916C6E00FAD8D1 /* PBXContainerItemProxy */;
		};
		01D08EE528916C6E00FAD8D1 /* PBXTargetDependency */ = {
			isa = PBXTargetDependency;
			target = 01D08EBF28916C6D00FAD8D1 /* Notes */;
			targetProxy = 01D08EE428916C6E00FAD8D1 /* PBXContainerItemProxy */;
		};
/* End PBXTargetDependency section */

/* Begin PBXVariantGroup section */
		01D08EC928916C6D00FAD8D1 /* Main.storyboard */ = {
			isa = PBXVariantGroup;
			children = (
				01D08ECA28916C6D00FAD8D1 /* Base */,
			);
			name = Main.storyboard;
			sourceTree = "<group>";
		};
		01D08ED128916C6E00FAD8D1 /* LaunchScreen.storyboard */ = {
			isa = PBXVariantGroup;
			children = (
				01D08ED228916C6E00FAD8D1 /* Base */,
			);
			name = LaunchScreen.storyboard;
			sourceTree = "<group>";
		};
/* End PBXVariantGroup section */

/* Begin XCBuildConfiguration section */
		01D08EEB28916C6F00FAD8D1 /* Debug */ = {
			isa = XCBuildConfiguration;
			buildSettings = {
				ALWAYS_SEARCH_USER_PATHS = NO;
				CLANG_ANALYZER_NONNULL = YES;
				CLANG_ANALYZER_NUMBER_OBJECT_CONVERSION = YES_AGGRESSIVE;
				CLANG_CXX_LANGUAGE_STANDARD = "gnu++17";
				CLANG_CXX_LIBRARY = "libc++";
				CLANG_ENABLE_MODULES = YES;
				CLANG_ENABLE_OBJC_ARC = YES;
				CLANG_ENABLE_OBJC_WEAK = YES;
				CLANG_WARN_BLOCK_CAPTURE_AUTORELEASING = YES;
				CLANG_WARN_BOOL_CONVERSION = YES;
				CLANG_WARN_COMMA = YES;
				CLANG_WARN_CONSTANT_CONVERSION = YES;
				CLANG_WARN_DEPRECATED_OBJC_IMPLEMENTATIONS = YES;
				CLANG_WARN_DIRECT_OBJC_ISA_USAGE = YES_ERROR;
				CLANG_WARN_DOCUMENTATION_COMMENTS = YES;
				CLANG_WARN_EMPTY_BODY = YES;
				CLANG_WARN_ENUM_CONVERSION = YES;
				CLANG_WARN_INFINITE_RECURSION = YES;
				CLANG_WARN_INT_CONVERSION = YES;
				CLANG_WARN_NON_LITERAL_NULL_CONVERSION = YES;
				CLANG_WARN_OBJC_IMPLICIT_RETAIN_SELF = YES;
				CLANG_WARN_OBJC_LITERAL_CONVERSION = YES;
				CLANG_WARN_OBJC_ROOT_CLASS = YES_ERROR;
				CLANG_WARN_QUOTED_INCLUDE_IN_FRAMEWORK_HEADER = YES;
				CLANG_WARN_RANGE_LOOP_ANALYSIS = YES;
				CLANG_WARN_STRICT_PROTOTYPES = YES;
				CLANG_WARN_SUSPICIOUS_MOVE = YES;
				CLANG_WARN_UNGUARDED_AVAILABILITY = YES_AGGRESSIVE;
				CLANG_WARN_UNREACHABLE_CODE = YES;
				CLANG_WARN__DUPLICATE_METHOD_MATCH = YES;
				COPY_PHASE_STRIP = NO;
				DEBUG_INFORMATION_FORMAT = dwarf;
				ENABLE_STRICT_OBJC_MSGSEND = YES;
				ENABLE_TESTABILITY = YES;
				GCC_C_LANGUAGE_STANDARD = gnu11;
				GCC_DYNAMIC_NO_PIC = NO;
				GCC_NO_COMMON_BLOCKS = YES;
				GCC_OPTIMIZATION_LEVEL = 0;
				GCC_PREPROCESSOR_DEFINITIONS = (
					"DEBUG=1",
					"$(inherited)",
				);
				GCC_WARN_64_TO_32_BIT_CONVERSION = YES;
				GCC_WARN_ABOUT_RETURN_TYPE = YES_ERROR;
				GCC_WARN_UNDECLARED_SELECTOR = YES;
				GCC_WARN_UNINITIALIZED_AUTOS = YES_AGGRESSIVE;
				GCC_WARN_UNUSED_FUNCTION = YES;
				GCC_WARN_UNUSED_VARIABLE = YES;
				IPHONEOS_DEPLOYMENT_TARGET = 15.2;
				MTL_ENABLE_DEBUG_INFO = INCLUDE_SOURCE;
				MTL_FAST_MATH = YES;
				ONLY_ACTIVE_ARCH = YES;
				SDKROOT = iphoneos;
				SWIFT_ACTIVE_COMPILATION_CONDITIONS = DEBUG;
				SWIFT_OPTIMIZATION_LEVEL = "-Onone";
			};
			name = Debug;
		};
		01D08EEC28916C6F00FAD8D1 /* Release */ = {
			isa = XCBuildConfiguration;
			buildSettings = {
				ALWAYS_SEARCH_USER_PATHS = NO;
				CLANG_ANALYZER_NONNULL = YES;
				CLANG_ANALYZER_NUMBER_OBJECT_CONVERSION = YES_AGGRESSIVE;
				CLANG_CXX_LANGUAGE_STANDARD = "gnu++17";
				CLANG_CXX_LIBRARY = "libc++";
				CLANG_ENABLE_MODULES = YES;
				CLANG_ENABLE_OBJC_ARC = YES;
				CLANG_ENABLE_OBJC_WEAK = YES;
				CLANG_WARN_BLOCK_CAPTURE_AUTORELEASING = YES;
				CLANG_WARN_BOOL_CONVERSION = YES;
				CLANG_WARN_COMMA = YES;
				CLANG_WARN_CONSTANT_CONVERSION = YES;
				CLANG_WARN_DEPRECATED_OBJC_IMPLEMENTATIONS = YES;
				CLANG_WARN_DIRECT_OBJC_ISA_USAGE = YES_ERROR;
				CLANG_WARN_DOCUMENTATION_COMMENTS = YES;
				CLANG_WARN_EMPTY_BODY = YES;
				CLANG_WARN_ENUM_CONVERSION = YES;
				CLANG_WARN_INFINITE_RECURSION = YES;
				CLANG_WARN_INT_CONVERSION = YES;
				CLANG_WARN_NON_LITERAL_NULL_CONVERSION = YES;
				CLANG_WARN_OBJC_IMPLICIT_RETAIN_SELF = YES;
				CLANG_WARN_OBJC_LITERAL_CONVERSION = YES;
				CLANG_WARN_OBJC_ROOT_CLASS = YES_ERROR;
				CLANG_WARN_QUOTED_INCLUDE_IN_FRAMEWORK_HEADER = YES;
				CLANG_WARN_RANGE_LOOP_ANALYSIS = YES;
				CLANG_WARN_STRICT_PROTOTYPES = YES;
				CLANG_WARN_SUSPICIOUS_MOVE = YES;
				CLANG_WARN_UNGUARDED_AVAILABILITY = YES_AGGRESSIVE;
				CLANG_WARN_UNREACHABLE_CODE = YES;
				CLANG_WARN__DUPLICATE_METHOD_MATCH = YES;
				COPY_PHASE_STRIP = NO;
				DEBUG_INFORMATION_FORMAT = "dwarf-with-dsym";
				ENABLE_NS_ASSERTIONS = NO;
				ENABLE_STRICT_OBJC_MSGSEND = YES;
				GCC_C_LANGUAGE_STANDARD = gnu11;
				GCC_NO_COMMON_BLOCKS = YES;
				GCC_WARN_64_TO_32_BIT_CONVERSION = YES;
				GCC_WARN_ABOUT_RETURN_TYPE = YES_ERROR;
				GCC_WARN_UNDECLARED_SELECTOR = YES;
				GCC_WARN_UNINITIALIZED_AUTOS = YES_AGGRESSIVE;
				GCC_WARN_UNUSED_FUNCTION = YES;
				GCC_WARN_UNUSED_VARIABLE = YES;
				IPHONEOS_DEPLOYMENT_TARGET = 15.2;
				MTL_ENABLE_DEBUG_INFO = NO;
				MTL_FAST_MATH = YES;
				SDKROOT = iphoneos;
				SWIFT_COMPILATION_MODE = wholemodule;
				SWIFT_OPTIMIZATION_LEVEL = "-O";
				VALIDATE_PRODUCT = YES;
			};
			name = Release;
		};
		01D08EEE28916C6F00FAD8D1 /* Debug */ = {
			isa = XCBuildConfiguration;
			buildSettings = {
				ASSETCATALOG_COMPILER_APPICON_NAME = AppIcon;
				ASSETCATALOG_COMPILER_GLOBAL_ACCENT_COLOR_NAME = AccentColor;
				CODE_SIGN_STYLE = Automatic;
				CURRENT_PROJECT_VERSION = 1;
				DEVELOPMENT_TEAM = 73WN3K2PDD;
				GENERATE_INFOPLIST_FILE = YES;
				INFOPLIST_FILE = Notes/Info.plist;
				INFOPLIST_KEY_UIApplicationSupportsIndirectInputEvents = YES;
				INFOPLIST_KEY_UILaunchStoryboardName = LaunchScreen;
				INFOPLIST_KEY_UIMainStoryboardFile = Main;
				INFOPLIST_KEY_UISupportedInterfaceOrientations_iPad = "UIInterfaceOrientationPortrait UIInterfaceOrientationPortraitUpsideDown UIInterfaceOrientationLandscapeLeft UIInterfaceOrientationLandscapeRight";
				INFOPLIST_KEY_UISupportedInterfaceOrientations_iPhone = "UIInterfaceOrientationPortrait UIInterfaceOrientationLandscapeLeft UIInterfaceOrientationLandscapeRight";
				IPHONEOS_DEPLOYMENT_TARGET = 13.0;
				LD_RUNPATH_SEARCH_PATHS = (
					"$(inherited)",
					"@executable_path/Frameworks",
				);
				MARKETING_VERSION = 1.0;
				PRODUCT_BUNDLE_IDENTIFIER = sytnik.Notes;
				PRODUCT_NAME = "$(TARGET_NAME)";
				SWIFT_EMIT_LOC_STRINGS = YES;
				SWIFT_VERSION = 5.0;
				TARGETED_DEVICE_FAMILY = 1;
			};
			name = Debug;
		};
		01D08EEF28916C6F00FAD8D1 /* Release */ = {
			isa = XCBuildConfiguration;
			buildSettings = {
				ASSETCATALOG_COMPILER_APPICON_NAME = AppIcon;
				ASSETCATALOG_COMPILER_GLOBAL_ACCENT_COLOR_NAME = AccentColor;
				CODE_SIGN_STYLE = Automatic;
				CURRENT_PROJECT_VERSION = 1;
				DEVELOPMENT_TEAM = 73WN3K2PDD;
				GENERATE_INFOPLIST_FILE = YES;
				INFOPLIST_FILE = Notes/Info.plist;
				INFOPLIST_KEY_UIApplicationSupportsIndirectInputEvents = YES;
				INFOPLIST_KEY_UILaunchStoryboardName = LaunchScreen;
				INFOPLIST_KEY_UIMainStoryboardFile = Main;
				INFOPLIST_KEY_UISupportedInterfaceOrientations_iPad = "UIInterfaceOrientationPortrait UIInterfaceOrientationPortraitUpsideDown UIInterfaceOrientationLandscapeLeft UIInterfaceOrientationLandscapeRight";
				INFOPLIST_KEY_UISupportedInterfaceOrientations_iPhone = "UIInterfaceOrientationPortrait UIInterfaceOrientationLandscapeLeft UIInterfaceOrientationLandscapeRight";
				IPHONEOS_DEPLOYMENT_TARGET = 13.0;
				LD_RUNPATH_SEARCH_PATHS = (
					"$(inherited)",
					"@executable_path/Frameworks",
				);
				MARKETING_VERSION = 1.0;
				PRODUCT_BUNDLE_IDENTIFIER = sytnik.Notes;
				PRODUCT_NAME = "$(TARGET_NAME)";
				SWIFT_EMIT_LOC_STRINGS = YES;
				SWIFT_VERSION = 5.0;
				TARGETED_DEVICE_FAMILY = 1;
			};
			name = Release;
		};
		01D08EF128916C6F00FAD8D1 /* Debug */ = {
			isa = XCBuildConfiguration;
			buildSettings = {
				ALWAYS_EMBED_SWIFT_STANDARD_LIBRARIES = YES;
				BUNDLE_LOADER = "$(TEST_HOST)";
				CODE_SIGN_STYLE = Automatic;
				CURRENT_PROJECT_VERSION = 1;
				DEVELOPMENT_TEAM = 73WN3K2PDD;
				GENERATE_INFOPLIST_FILE = YES;
				IPHONEOS_DEPLOYMENT_TARGET = 15.2;
				MARKETING_VERSION = 1.0;
				PRODUCT_BUNDLE_IDENTIFIER = sytnik.NotesTests;
				PRODUCT_NAME = "$(TARGET_NAME)";
				SWIFT_EMIT_LOC_STRINGS = NO;
				SWIFT_VERSION = 5.0;
				TARGETED_DEVICE_FAMILY = "1,2";
				TEST_HOST = "$(BUILT_PRODUCTS_DIR)/Notes.app/Notes";
			};
			name = Debug;
		};
		01D08EF228916C6F00FAD8D1 /* Release */ = {
			isa = XCBuildConfiguration;
			buildSettings = {
				ALWAYS_EMBED_SWIFT_STANDARD_LIBRARIES = YES;
				BUNDLE_LOADER = "$(TEST_HOST)";
				CODE_SIGN_STYLE = Automatic;
				CURRENT_PROJECT_VERSION = 1;
				DEVELOPMENT_TEAM = 73WN3K2PDD;
				GENERATE_INFOPLIST_FILE = YES;
				IPHONEOS_DEPLOYMENT_TARGET = 15.2;
				MARKETING_VERSION = 1.0;
				PRODUCT_BUNDLE_IDENTIFIER = sytnik.NotesTests;
				PRODUCT_NAME = "$(TARGET_NAME)";
				SWIFT_EMIT_LOC_STRINGS = NO;
				SWIFT_VERSION = 5.0;
				TARGETED_DEVICE_FAMILY = "1,2";
				TEST_HOST = "$(BUILT_PRODUCTS_DIR)/Notes.app/Notes";
			};
			name = Release;
		};
		01D08EF428916C6F00FAD8D1 /* Debug */ = {
			isa = XCBuildConfiguration;
			buildSettings = {
				ALWAYS_EMBED_SWIFT_STANDARD_LIBRARIES = YES;
				CODE_SIGN_STYLE = Automatic;
				CURRENT_PROJECT_VERSION = 1;
				DEVELOPMENT_TEAM = 73WN3K2PDD;
				GENERATE_INFOPLIST_FILE = YES;
				MARKETING_VERSION = 1.0;
				PRODUCT_BUNDLE_IDENTIFIER = sytnik.NotesUITests;
				PRODUCT_NAME = "$(TARGET_NAME)";
				SWIFT_EMIT_LOC_STRINGS = NO;
				SWIFT_VERSION = 5.0;
				TARGETED_DEVICE_FAMILY = "1,2";
				TEST_TARGET_NAME = Notes;
			};
			name = Debug;
		};
		01D08EF528916C6F00FAD8D1 /* Release */ = {
			isa = XCBuildConfiguration;
			buildSettings = {
				ALWAYS_EMBED_SWIFT_STANDARD_LIBRARIES = YES;
				CODE_SIGN_STYLE = Automatic;
				CURRENT_PROJECT_VERSION = 1;
				DEVELOPMENT_TEAM = 73WN3K2PDD;
				GENERATE_INFOPLIST_FILE = YES;
				MARKETING_VERSION = 1.0;
				PRODUCT_BUNDLE_IDENTIFIER = sytnik.NotesUITests;
				PRODUCT_NAME = "$(TARGET_NAME)";
				SWIFT_EMIT_LOC_STRINGS = NO;
				SWIFT_VERSION = 5.0;
				TARGETED_DEVICE_FAMILY = "1,2";
				TEST_TARGET_NAME = Notes;
			};
			name = Release;
		};
/* End XCBuildConfiguration section */

/* Begin XCConfigurationList section */
		01D08EBB28916C6C00FAD8D1 /* Build configuration list for PBXProject "Notes" */ = {
			isa = XCConfigurationList;
			buildConfigurations = (
				01D08EEB28916C6F00FAD8D1 /* Debug */,
				01D08EEC28916C6F00FAD8D1 /* Release */,
			);
			defaultConfigurationIsVisible = 0;
			defaultConfigurationName = Release;
		};
		01D08EED28916C6F00FAD8D1 /* Build configuration list for PBXNativeTarget "Notes" */ = {
			isa = XCConfigurationList;
			buildConfigurations = (
				01D08EEE28916C6F00FAD8D1 /* Debug */,
				01D08EEF28916C6F00FAD8D1 /* Release */,
			);
			defaultConfigurationIsVisible = 0;
			defaultConfigurationName = Release;
		};
		01D08EF028916C6F00FAD8D1 /* Build configuration list for PBXNativeTarget "NotesTests" */ = {
			isa = XCConfigurationList;
			buildConfigurations = (
				01D08EF128916C6F00FAD8D1 /* Debug */,
				01D08EF228916C6F00FAD8D1 /* Release */,
			);
			defaultConfigurationIsVisible = 0;
			defaultConfigurationName = Release;
		};
		01D08EF328916C6F00FAD8D1 /* Build configuration list for PBXNativeTarget "NotesUITests" */ = {
			isa = XCConfigurationList;
			buildConfigurations = (
				01D08EF428916C6F00FAD8D1 /* Debug */,
				01D08EF528916C6F00FAD8D1 /* Release */,
			);
			defaultConfigurationIsVisible = 0;
			defaultConfigurationName = Release;
		};
/* End XCConfigurationList section */

/* Begin XCVersionGroup section */
		01D08ECC28916C6D00FAD8D1 /* Notes.xcdatamodeld */ = {
			isa = XCVersionGroup;
			children = (
				01D08ECD28916C6D00FAD8D1 /* Notes.xcdatamodel */,
			);
			currentVersion = 01D08ECD28916C6D00FAD8D1 /* Notes.xcdatamodel */;
			path = Notes.xcdatamodeld;
			sourceTree = "<group>";
			versionGroupType = wrapper.xcdatamodel;
		};
/* End XCVersionGroup section */
	};
	rootObject = 01D08EB828916C6C00FAD8D1 /* Project object */;
}
